
Microsoft Visual Studio Solution File, Format Version 12.00
# Visual Studio Version 17
VisualStudioVersion = 17.12.35707.178 d17.12
MinimumVisualStudioVersion = 10.0.40219.1
Project("{FAE04EC0-301F-11D3-BF4B-00C04F79EFBC}") = "StorageUI", "lab11\StorageUI.csproj", "{6669BCF5-A118-4F7C-B075-2C81DF57A13C}"
EndProject
Project("{FAE04EC0-301F-11D3-BF4B-00C04F79EFBC}") = "StorageUITests", "StorageUITests\StorageUITests.csproj", "{87020A1E-62BE-40B9-BBB5-7F7D5A25C465}"
EndProject
Global
	GlobalSection(SolutionConfigurationPlatforms) = preSolution
		Debug|Any CPU = Debug|Any CPU
		Release|Any CPU = Release|Any CPU
	EndGlobalSection
	GlobalSection(ProjectConfigurationPlatforms) = postSolution
		{6669BCF5-A118-4F7C-B075-2C81DF57A13C}.Debug|Any CPU.ActiveCfg = Debug|Any CPU
		{6669BCF5-A118-4F7C-B075-2C81DF57A13C}.Debug|Any CPU.Build.0 = Debug|Any CPU
		{6669BCF5-A118-4F7C-B075-2C81DF57A13C}.Release|Any CPU.ActiveCfg = Release|Any CPU
		{6669BCF5-A118-4F7C-B075-2C81DF57A13C}.Release|Any CPU.Build.0 = Release|Any CPU
		{87020A1E-62BE-40B9-BBB5-7F7D5A25C465}.Debug|Any CPU.ActiveCfg = Debug|Any CPU
		{87020A1E-62BE-40B9-BBB5-7F7D5A25C465}.Debug|Any CPU.Build.0 = Debug|Any CPU
		{87020A1E-62BE-40B9-BBB5-7F7D5A25C465}.Release|Any CPU.ActiveCfg = Release|Any CPU
		{87020A1E-62BE-40B9-BBB5-7F7D5A25C465}.Release|Any CPU.Build.0 = Release|Any CPU
	EndGlobalSection
	GlobalSection(SolutionProperties) = preSolution
		HideSolutionNode = FALSE
	EndGlobalSection
EndGlobal
